// !$*UTF8*$!
{
	archiveVersion = 1;
	classes = {
	};
	objectVersion = 46;
	objects = {

/* Begin PBXBuildFile section */
		B710087619A16ADC00B61044 /* Foundation.framework in Frameworks */ = {isa = PBXBuildFile; fileRef = B710087519A16ADC00B61044 /* Foundation.framework */; };
		B710087819A16ADC00B61044 /* CoreGraphics.framework in Frameworks */ = {isa = PBXBuildFile; fileRef = B710087719A16ADC00B61044 /* CoreGraphics.framework */; };
		B710087A19A16ADC00B61044 /* UIKit.framework in Frameworks */ = {isa = PBXBuildFile; fileRef = B710087919A16ADC00B61044 /* UIKit.framework */; };
		B710088019A16ADC00B61044 /* InfoPlist.strings in Resources */ = {isa = PBXBuildFile; fileRef = B710087E19A16ADC00B61044 /* InfoPlist.strings */; };
		B710088219A16ADC00B61044 /* main.m in Sources */ = {isa = PBXBuildFile; fileRef = B710088119A16ADC00B61044 /* main.m */; };
		B710088619A16ADC00B61044 /* TJMAppDelegate.m in Sources */ = {isa = PBXBuildFile; fileRef = B710088519A16ADC00B61044 /* TJMAppDelegate.m */; };
		B710088919A16ADC00B61044 /* Main_iPhone.storyboard in Resources */ = {isa = PBXBuildFile; fileRef = B710088719A16ADC00B61044 /* Main_iPhone.storyboard */; };
		B710088C19A16ADC00B61044 /* Main_iPad.storyboard in Resources */ = {isa = PBXBuildFile; fileRef = B710088A19A16ADC00B61044 /* Main_iPad.storyboard */; };
		B710088F19A16ADC00B61044 /* TJMViewController.m in Sources */ = {isa = PBXBuildFile; fileRef = B710088E19A16ADC00B61044 /* TJMViewController.m */; };
		B710089119A16ADC00B61044 /* Images.xcassets in Resources */ = {isa = PBXBuildFile; fileRef = B710089019A16ADC00B61044 /* Images.xcassets */; };
		B710089819A16ADC00B61044 /* XCTest.framework in Frameworks */ = {isa = PBXBuildFile; fileRef = B710089719A16ADC00B61044 /* XCTest.framework */; };
		B710089919A16ADC00B61044 /* Foundation.framework in Frameworks */ = {isa = PBXBuildFile; fileRef = B710087519A16ADC00B61044 /* Foundation.framework */; };
		B710089A19A16ADC00B61044 /* UIKit.framework in Frameworks */ = {isa = PBXBuildFile; fileRef = B710087919A16ADC00B61044 /* UIKit.framework */; };
		B71008A219A16ADC00B61044 /* InfoPlist.strings in Resources */ = {isa = PBXBuildFile; fileRef = B71008A019A16ADC00B61044 /* InfoPlist.strings */; };
		B71008A419A16ADC00B61044 /* Two_Dimensional_ArrayTests.m in Sources */ = {isa = PBXBuildFile; fileRef = B71008A319A16ADC00B61044 /* Two_Dimensional_ArrayTests.m */; };
/* End PBXBuildFile section */

/* Begin PBXContainerItemProxy section */
		B710089B19A16ADC00B61044 /* PBXContainerItemProxy */ = {
			isa = PBXContainerItemProxy;
			containerPortal = B710086A19A16ADC00B61044 /* Project object */;
			proxyType = 1;
			remoteGlobalIDString = B710087119A16ADC00B61044;
			remoteInfo = "Two Dimensional Array";
		};
/* End PBXContainerItemProxy section */

/* Begin PBXFileReference section */
		B710087219A16ADC00B61044 /* Two Dimensional Array.app */ = {isa = PBXFileReference; explicitFileType = wrapper.application; includeInIndex = 0; path = "Two Dimensional Array.app"; sourceTree = BUILT_PRODUCTS_DIR; };
		B710087519A16ADC00B61044 /* Foundation.framework */ = {isa = PBXFileReference; lastKnownFileType = wrapper.framework; name = Foundation.framework; path = System/Library/Frameworks/Foundation.framework; sourceTree = SDKROOT; };
		B710087719A16ADC00B61044 /* CoreGraphics.framework */ = {isa = PBXFileReference; lastKnownFileType = wrapper.framework; name = CoreGraphics.framework; path = System/Library/Frameworks/CoreGraphics.framework; sourceTree = SDKROOT; };
		B710087919A16ADC00B61044 /* UIKit.framework */ = {isa = PBXFileReference; lastKnownFileType = wrapper.framework; name = UIKit.framework; path = System/Library/Frameworks/UIKit.framework; sourceTree = SDKROOT; };
		B710087D19A16ADC00B61044 /* Two Dimensional Array-Info.plist */ = {isa = PBXFileReference; lastKnownFileType = text.plist.xml; path = "Two Dimensional Array-Info.plist"; sourceTree = "<group>"; };
		B710087F19A16ADC00B61044 /* en */ = {isa = PBXFileReference; lastKnownFileType = text.plist.strings; name = en; path = en.lproj/InfoPlist.strings; sourceTree = "<group>"; };
		B710088119A16ADC00B61044 /* main.m */ = {isa = PBXFileReference; lastKnownFileType = sourcecode.c.objc; path = main.m; sourceTree = "<group>"; };
		B710088319A16ADC00B61044 /* Two Dimensional Array-Prefix.pch */ = {isa = PBXFileReference; lastKnownFileType = sourcecode.c.h; path = "Two Dimensional Array-Prefix.pch"; sourceTree = "<group>"; };
		B710088419A16ADC00B61044 /* TJMAppDelegate.h */ = {isa = PBXFileReference; lastKnownFileType = sourcecode.c.h; path = TJMAppDelegate.h; sourceTree = "<group>"; };
		B710088519A16ADC00B61044 /* TJMAppDelegate.m */ = {isa = PBXFileReference; lastKnownFileType = sourcecode.c.objc; path = TJMAppDelegate.m; sourceTree = "<group>"; };
		B710088819A16ADC00B61044 /* Base */ = {isa = PBXFileReference; lastKnownFileType = file.storyboard; name = Base; path = Base.lproj/Main_iPhone.storyboard; sourceTree = "<group>"; };
		B710088B19A16ADC00B61044 /* Base */ = {isa = PBXFileReference; lastKnownFileType = file.storyboard; name = Base; path = Base.lproj/Main_iPad.storyboard; sourceTree = "<group>"; };
		B710088D19A16ADC00B61044 /* TJMViewController.h */ = {isa = PBXFileReference; lastKnownFileType = sourcecode.c.h; path = TJMViewController.h; sourceTree = "<group>"; };
		B710088E19A16ADC00B61044 /* TJMViewController.m */ = {isa = PBXFileReference; lastKnownFileType = sourcecode.c.objc; path = TJMViewController.m; sourceTree = "<group>"; };
		B710089019A16ADC00B61044 /* Images.xcassets */ = {isa = PBXFileReference; lastKnownFileType = folder.assetcatalog; path = Images.xcassets; sourceTree = "<group>"; };
		B710089619A16ADC00B61044 /* Two Dimensional ArrayTests.xctest */ = {isa = PBXFileReference; explicitFileType = wrapper.cfbundle; includeInIndex = 0; path = "Two Dimensional ArrayTests.xctest"; sourceTree = BUILT_PRODUCTS_DIR; };
		B710089719A16ADC00B61044 /* XCTest.framework */ = {isa = PBXFileReference; lastKnownFileType = wrapper.framework; name = XCTest.framework; path = Library/Frameworks/XCTest.framework; sourceTree = DEVELOPER_DIR; };
		B710089F19A16ADC00B61044 /* Two Dimensional ArrayTests-Info.plist */ = {isa = PBXFileReference; lastKnownFileType = text.plist.xml; path = "Two Dimensional ArrayTests-Info.plist"; sourceTree = "<group>"; };
		B71008A119A16ADC00B61044 /* en */ = {isa = PBXFileReference; lastKnownFileType = text.plist.strings; name = en; path = en.lproj/InfoPlist.strings; sourceTree = "<group>"; };
		B71008A319A16ADC00B61044 /* Two_Dimensional_ArrayTests.m */ = {isa = PBXFileReference; lastKnownFileType = sourcecode.c.objc; path = Two_Dimensional_ArrayTests.m; sourceTree = "<group>"; };
/* End PBXFileReference section */

/* Begin PBXFrameworksBuildPhase section */
		B710086F19A16ADC00B61044 /* Frameworks */ = {
			isa = PBXFrameworksBuildPhase;
			buildActionMask = 2147483647;
			files = (
				B710087819A16ADC00B61044 /* CoreGraphics.framework in Frameworks */,
				B710087A19A16ADC00B61044 /* UIKit.framework in Frameworks */,
				B710087619A16ADC00B61044 /* Foundation.framework in Frameworks */,
			);
			runOnlyForDeploymentPostprocessing = 0;
		};
		B710089319A16ADC00B61044 /* Frameworks */ = {
			isa = PBXFrameworksBuildPhase;
			buildActionMask = 2147483647;
			files = (
				B710089819A16ADC00B61044 /* XCTest.framework in Frameworks */,
				B710089A19A16ADC00B61044 /* UIKit.framework in Frameworks */,
				B710089919A16ADC00B61044 /* Foundation.framework in Frameworks */,
			);
			runOnlyForDeploymentPostprocessing = 0;
		};
/* End PBXFrameworksBuildPhase section */

/* Begin PBXGroup section */
		B710086919A16ADC00B61044 = {
			isa = PBXGroup;
			children = (
				B710087B19A16ADC00B61044 /* Two Dimensional Array */,
				B710089D19A16ADC00B61044 /* Two Dimensional ArrayTests */,
				B710087419A16ADC00B61044 /* Frameworks */,
				B710087319A16ADC00B61044 /* Products */,
			);
			sourceTree = "<group>";
		};
		B710087319A16ADC00B61044 /* Products */ = {
			isa = PBXGroup;
			children = (
				B710087219A16ADC00B61044 /* Two Dimensional Array.app */,
				B710089619A16ADC00B61044 /* Two Dimensional ArrayTests.xctest */,
			);
			name = Products;
			sourceTree = "<group>";
		};
		B710087419A16ADC00B61044 /* Frameworks */ = {
			isa = PBXGroup;
			children = (
				B710087519A16ADC00B61044 /* Foundation.framework */,
				B710087719A16ADC00B61044 /* CoreGraphics.framework */,
				B710087919A16ADC00B61044 /* UIKit.framework */,
				B710089719A16ADC00B61044 /* XCTest.framework */,
			);
			name = Frameworks;
			sourceTree = "<group>";
		};
		B710087B19A16ADC00B61044 /* Two Dimensional Array */ = {
			isa = PBXGroup;
			children = (
				B710088419A16ADC00B61044 /* TJMAppDelegate.h */,
				B710088519A16ADC00B61044 /* TJMAppDelegate.m */,
				B710088719A16ADC00B61044 /* Main_iPhone.storyboard */,
				B710088A19A16ADC00B61044 /* Main_iPad.storyboard */,
				B710088D19A16ADC00B61044 /* TJMViewController.h */,
				B710088E19A16ADC00B61044 /* TJMViewController.m */,
				B710089019A16ADC00B61044 /* Images.xcassets */,
				B710087C19A16ADC00B61044 /* Supporting Files */,
			);
			path = "Two Dimensional Array";
			sourceTree = "<group>";
		};
		B710087C19A16ADC00B61044 /* Supporting Files */ = {
			isa = PBXGroup;
			children = (
				B710087D19A16ADC00B61044 /* Two Dimensional Array-Info.plist */,
				B710087E19A16ADC00B61044 /* InfoPlist.strings */,
				B710088119A16ADC00B61044 /* main.m */,
				B710088319A16ADC00B61044 /* Two Dimensional Array-Prefix.pch */,
			);
			name = "Supporting Files";
			sourceTree = "<group>";
		};
		B710089D19A16ADC00B61044 /* Two Dimensional ArrayTests */ = {
			isa = PBXGroup;
			children = (
				B71008A319A16ADC00B61044 /* Two_Dimensional_ArrayTests.m */,
				B710089E19A16ADC00B61044 /* Supporting Files */,
			);
			path = "Two Dimensional ArrayTests";
			sourceTree = "<group>";
		};
		B710089E19A16ADC00B61044 /* Supporting Files */ = {
			isa = PBXGroup;
			children = (
				B710089F19A16ADC00B61044 /* Two Dimensional ArrayTests-Info.plist */,
				B71008A019A16ADC00B61044 /* InfoPlist.strings */,
			);
			name = "Supporting Files";
			sourceTree = "<group>";
		};
/* End PBXGroup section */

/* Begin PBXNativeTarget section */
		B710087119A16ADC00B61044 /* Two Dimensional Array */ = {
			isa = PBXNativeTarget;
			buildConfigurationList = B71008A719A16ADC00B61044 /* Build configuration list for PBXNativeTarget "Two Dimensional Array" */;
			buildPhases = (
				B710086E19A16ADC00B61044 /* Sources */,
				B710086F19A16ADC00B61044 /* Frameworks */,
				B710087019A16ADC00B61044 /* Resources */,
			);
			buildRules = (
			);
			dependencies = (
			);
			name = "Two Dimensional Array";
			productName = "Two Dimensional Array";
			productReference = B710087219A16ADC00B61044 /* Two Dimensional Array.app */;
			productType = "com.apple.product-type.application";
		};
		B710089519A16ADC00B61044 /* Two Dimensional ArrayTests */ = {
			isa = PBXNativeTarget;
			buildConfigurationList = B71008AA19A16ADC00B61044 /* Build configuration list for PBXNativeTarget "Two Dimensional ArrayTests" */;
			buildPhases = (
				B710089219A16ADC00B61044 /* Sources */,
				B710089319A16ADC00B61044 /* Frameworks */,
				B710089419A16ADC00B61044 /* Resources */,
			);
			buildRules = (
			);
			dependencies = (
				B710089C19A16ADC00B61044 /* PBXTargetDependency */,
			);
			name = "Two Dimensional ArrayTests";
			productName = "Two Dimensional ArrayTests";
			productReference = B710089619A16ADC00B61044 /* Two Dimensional ArrayTests.xctest */;
			productType = "com.apple.product-type.bundle.unit-test";
		};
/* End PBXNativeTarget section */

/* Begin PBXProject section */
		B710086A19A16ADC00B61044 /* Project object */ = {
			isa = PBXProject;
			attributes = {
				CLASSPREFIX = TJM;
				LastUpgradeCheck = 0510;
				ORGANIZATIONNAME = "Tyler Milner";
				TargetAttributes = {
					B710089519A16ADC00B61044 = {
						TestTargetID = B710087119A16ADC00B61044;
					};
				};
			};
			buildConfigurationList = B710086D19A16ADC00B61044 /* Build configuration list for PBXProject "Two Dimensional Array" */;
			compatibilityVersion = "Xcode 3.2";
			developmentRegion = English;
			hasScannedForEncodings = 0;
			knownRegions = (
				en,
				Base,
			);
			mainGroup = B710086919A16ADC00B61044;
			productRefGroup = B710087319A16ADC00B61044 /* Products */;
			projectDirPath = "";
			projectRoot = "";
			targets = (
				B710087119A16ADC00B61044 /* Two Dimensional Array */,
				B710089519A16ADC00B61044 /* Two Dimensional ArrayTests */,
			);
		};
/* End PBXProject section */

/* Begin PBXResourcesBuildPhase section */
		B710087019A16ADC00B61044 /* Resources */ = {
			isa = PBXResourcesBuildPhase;
			buildActionMask = 2147483647;
			files = (
				B710088C19A16ADC00B61044 /* Main_iPad.storyboard in Resources */,
				B710089119A16ADC00B61044 /* Images.xcassets in Resources */,
				B710088919A16ADC00B61044 /* Main_iPhone.storyboard in Resources */,
				B710088019A16ADC00B61044 /* InfoPlist.strings in Resources */,
			);
			runOnlyForDeploymentPostprocessing = 0;
		};
		B710089419A16ADC00B61044 /* Resources */ = {
			isa = PBXResourcesBuildPhase;
			buildActionMask = 2147483647;
			files = (
				B71008A219A16ADC00B61044 /* InfoPlist.strings in Resources */,
			);
			runOnlyForDeploymentPostprocessing = 0;
		};
/* End PBXResourcesBuildPhase section */

/* Begin PBXSourcesBuildPhase section */
		B710086E19A16ADC00B61044 /* Sources */ = {
			isa = PBXSourcesBuildPhase;
			buildActionMask = 2147483647;
			files = (
				B710088619A16ADC00B61044 /* TJMAppDelegate.m in Sources */,
				B710088F19A16ADC00B61044 /* TJMViewController.m in Sources */,
				B710088219A16ADC00B61044 /* main.m in Sources */,
			);
			runOnlyForDeploymentPostprocessing = 0;
		};
		B710089219A16ADC00B61044 /* Sources */ = {
			isa = PBXSourcesBuildPhase;
			buildActionMask = 2147483647;
			files = (
				B71008A419A16ADC00B61044 /* Two_Dimensional_ArrayTests.m in Sources */,
			);
			runOnlyForDeploymentPostprocessing = 0;
		};
/* End PBXSourcesBuildPhase section */

/* Begin PBXTargetDependency section */
		B710089C19A16ADC00B61044 /* PBXTargetDependency */ = {
			isa = PBXTargetDependency;
			target = B710087119A16ADC00B61044 /* Two Dimensional Array */;
			targetProxy = B710089B19A16ADC00B61044 /* PBXContainerItemProxy */;
		};
/* End PBXTargetDependency section */

/* Begin PBXVariantGroup section */
		B710087E19A16ADC00B61044 /* InfoPlist.strings */ = {
			isa = PBXVariantGroup;
			children = (
				B710087F19A16ADC00B61044 /* en */,
			);
			name = InfoPlist.strings;
			sourceTree = "<group>";
		};
		B710088719A16ADC00B61044 /* Main_iPhone.storyboard */ = {
			isa = PBXVariantGroup;
			children = (
				B710088819A16ADC00B61044 /* Base */,
			);
			name = Main_iPhone.storyboard;
			sourceTree = "<group>";
		};
		B710088A19A16ADC00B61044 /* Main_iPad.storyboard */ = {
			isa = PBXVariantGroup;
			children = (
				B710088B19A16ADC00B61044 /* Base */,
			);
			name = Main_iPad.storyboard;
			sourceTree = "<group>";
		};
		B71008A019A16ADC00B61044 /* InfoPlist.strings */ = {
			isa = PBXVariantGroup;
			children = (
				B71008A119A16ADC00B61044 /* en */,
			);
			name = InfoPlist.strings;
			sourceTree = "<group>";
		};
/* End PBXVariantGroup section */

/* Begin XCBuildConfiguration section */
		B71008A519A16ADC00B61044 /* Debug */ = {
			isa = XCBuildConfiguration;
			buildSettings = {
				ALWAYS_SEARCH_USER_PATHS = NO;
				CLANG_CXX_LANGUAGE_STANDARD = "gnu++0x";
				CLANG_CXX_LIBRARY = "libc++";
				CLANG_ENABLE_MODULES = YES;
				CLANG_ENABLE_OBJC_ARC = YES;
				CLANG_WARN_BOOL_CONVERSION = YES;
				CLANG_WARN_CONSTANT_CONVERSION = YES;
				CLANG_WARN_DIRECT_OBJC_ISA_USAGE = YES_ERROR;
				CLANG_WARN_EMPTY_BODY = YES;
				CLANG_WARN_ENUM_CONVERSION = YES;
				CLANG_WARN_INT_CONVERSION = YES;
				CLANG_WARN_OBJC_ROOT_CLASS = YES_ERROR;
				CLANG_WARN__DUPLICATE_METHOD_MATCH = YES;
				"CODE_SIGN_IDENTITY[sdk=iphoneos*]" = "iPhone Developer";
				COPY_PHASE_STRIP = NO;
				GCC_C_LANGUAGE_STANDARD = gnu99;
				GCC_DYNAMIC_NO_PIC = NO;
				GCC_OPTIMIZATION_LEVEL = 0;
				GCC_PREPROCESSOR_DEFINITIONS = (
					"DEBUG=1",
					"$(inherited)",
				);
				GCC_SYMBOLS_PRIVATE_EXTERN = NO;
				GCC_WARN_64_TO_32_BIT_CONVERSION = YES;
				GCC_WARN_ABOUT_RETURN_TYPE = YES_ERROR;
				GCC_WARN_UNDECLARED_SELECTOR = YES;
				GCC_WARN_UNINITIALIZED_AUTOS = YES_AGGRESSIVE;
				GCC_WARN_UNUSED_FUNCTION = YES;
				GCC_WARN_UNUSED_VARIABLE = YES;
				IPHONEOS_DEPLOYMENT_TARGET = 7.1;
				ONLY_ACTIVE_ARCH = YES;
				SDKROOT = iphoneos;
				TARGETED_DEVICE_FAMILY = "1,2";
			};
			name = Debug;
		};
		B71008A619A16ADC00B61044 /* Release */ = {
			isa = XCBuildConfiguration;
			buildSettings = {
				ALWAYS_SEARCH_USER_PATHS = NO;
				CLANG_CXX_LANGUAGE_STANDARD = "gnu++0x";
				CLANG_CXX_LIBRARY = "libc++";
				CLANG_ENABLE_MODULES = YES;
				CLANG_ENABLE_OBJC_ARC = YES;
				CLANG_WARN_BOOL_CONVERSION = YES;
				CLANG_WARN_CONSTANT_CONVERSION = YES;
				CLANG_WARN_DIRECT_OBJC_ISA_USAGE = YES_ERROR;
				CLANG_WARN_EMPTY_BODY = YES;
				CLANG_WARN_ENUM_CONVERSION = YES;
				CLANG_WARN_INT_CONVERSION = YES;
				CLANG_WARN_OBJC_ROOT_CLASS = YES_ERROR;
				CLANG_WARN__DUPLICATE_METHOD_MATCH = YES;
				"CODE_SIGN_IDENTITY[sdk=iphoneos*]" = "iPhone Developer";
				COPY_PHASE_STRIP = YES;
				ENABLE_NS_ASSERTIONS = NO;
				GCC_C_LANGUAGE_STANDARD = gnu99;
				GCC_WARN_64_TO_32_BIT_CONVERSION = YES;
				GCC_WARN_ABOUT_RETURN_TYPE = YES_ERROR;
				GCC_WARN_UNDECLARED_SELECTOR = YES;
				GCC_WARN_UNINITIALIZED_AUTOS = YES_AGGRESSIVE;
				GCC_WARN_UNUSED_FUNCTION = YES;
				GCC_WARN_UNUSED_VARIABLE = YES;
				IPHONEOS_DEPLOYMENT_TARGET = 7.1;
				SDKROOT = iphoneos;
				TARGETED_DEVICE_FAMILY = "1,2";
				VALIDATE_PRODUCT = YES;
			};
			name = Release;
		};
		B71008A819A16ADC00B61044 /* Debug */ = {
			isa = XCBuildConfiguration;
			buildSettings = {
				ASSETCATALOG_COMPILER_APPICON_NAME = AppIcon;
				ASSETCATALOG_COMPILER_LAUNCHIMAGE_NAME = LaunchImage;
				GCC_PRECOMPILE_PREFIX_HEADER = YES;
				GCC_PREFIX_HEADER = "Two Dimensional Array/Two Dimensional Array-Prefix.pch";
				INFOPLIST_FILE = "Two Dimensional Array/Two Dimensional Array-Info.plist";
				PRODUCT_NAME = "$(TARGET_NAME)";
				WRAPPER_EXTENSION = app;
			};
			name = Debug;
		};
		B71008A919A16ADC00B61044 /* Release */ = {
			isa = XCBuildConfiguration;
			buildSettings = {
				ASSETCATALOG_COMPILER_APPICON_NAME = AppIcon;
				ASSETCATALOG_COMPILER_LAUNCHIMAGE_NAME = LaunchImage;
				GCC_PRECOMPILE_PREFIX_HEADER = YES;
				GCC_PREFIX_HEADER = "Two Dimensional Array/Two Dimensional Array-Prefix.pch";
				INFOPLIST_FILE = "Two Dimensional Array/Two Dimensional Array-Info.plist";
				PRODUCT_NAME = "$(TARGET_NAME)";
				WRAPPER_EXTENSION = app;
			};
			name = Release;
		};
		B71008AB19A16ADC00B61044 /* Debug */ = {
			isa = XCBuildConfiguration;
			buildSettings = {
				BUNDLE_LOADER = "$(BUILT_PRODUCTS_DIR)/Two Dimensional Array.app/Two Dimensional Array";
				FRAMEWORK_SEARCH_PATHS = (
					"$(SDKROOT)/Developer/Library/Frameworks",
					"$(inherited)",
					"$(DEVELOPER_FRAMEWORKS_DIR)",
				);
				GCC_PRECOMPILE_PREFIX_HEADER = YES;
				GCC_PREFIX_HEADER = "Two Dimensional Array/Two Dimensional Array-Prefix.pch";
				GCC_PREPROCESSOR_DEFINITIONS = (
					"DEBUG=1",
					"$(inherited)",
				);
				INFOPLIST_FILE = "Two Dimensional ArrayTests/Two Dimensional ArrayTests-Info.plist";
				PRODUCT_NAME = "$(TARGET_NAME)";
				TEST_HOST = "$(BUNDLE_LOADER)";
				WRAPPER_EXTENSION = xctest;
			};
			name = Debug;
		};
		B71008AC19A16ADC00B61044 /* Release */ = {
			isa = XCBuildConfiguration;
			buildSettings = {
				BUNDLE_LOADER = "$(BUILT_PRODUCTS_DIR)/Two Dimensional Array.app/Two Dimensional Array";
				FRAMEWORK_SEARCH_PATHS = (
					"$(SDKROOT)/Developer/Library/Frameworks",
					"$(inherited)",
					"$(DEVELOPER_FRAMEWORKS_DIR)",
				);
				GCC_PRECOMPILE_PREFIX_HEADER = YES;
				GCC_PREFIX_HEADER = "Two Dimensional Array/Two Dimensional Array-Prefix.pch";
				INFOPLIST_FILE = "Two Dimensional ArrayTests/Two Dimensional ArrayTests-Info.plist";
				PRODUCT_NAME = "$(TARGET_NAME)";
				TEST_HOST = "$(BUNDLE_LOADER)";
				WRAPPER_EXTENSION = xctest;
			};
			name = Release;
		};
/* End XCBuildConfiguration section */

/* Begin XCConfigurationList section */
		B710086D19A16ADC00B61044 /* Build configuration list for PBXProject "Two Dimensional Array" */ = {
			isa = XCConfigurationList;
			buildConfigurations = (
				B71008A519A16ADC00B61044 /* Debug */,
				B71008A619A16ADC00B61044 /* Release */,
			);
			defaultConfigurationIsVisible = 0;
			defaultConfigurationName = Release;
		};
		B71008A719A16ADC00B61044 /* Build configuration list for PBXNativeTarget "Two Dimensional Array" */ = {
			isa = XCConfigurationList;
			buildConfigurations = (
				B71008A819A16ADC00B61044 /* Debug */,
				B71008A919A16ADC00B61044 /* Release */,
			);
			defaultConfigurationIsVisible = 0;
		};
		B71008AA19A16ADC00B61044 /* Build configuration list for PBXNativeTarget "Two Dimensional ArrayTests" */ = {
			isa = XCConfigurationList;
			buildConfigurations = (
				B71008AB19A16ADC00B61044 /* Debug */,
				B71008AC19A16ADC00B61044 /* Release */,
			);
			defaultConfigurationIsVisible = 0;
		};
/* End XCConfigurationList section */
	};
	rootObject = B710086A19A16ADC00B61044 /* Project object */;
}
